// !$*UTF8*$!
{
	archiveVersion = 1;
	classes = {
	};
	objectVersion = 56;
	objects = {

/* Begin PBXBuildFile section */
		DE012BA0295FFD14002D3374 /* PredatorLargeImage.swift in Sources */ = {isa = PBXBuildFile; fileRef = DE012B9F295FFD14002D3374 /* PredatorLargeImage.swift */; };
		DE8077D9295B627500AC9440 /* ApexPredatorsApp.swift in Sources */ = {isa = PBXBuildFile; fileRef = DE8077D8295B627500AC9440 /* ApexPredatorsApp.swift */; };
		DE8077DB295B627500AC9440 /* ContentView.swift in Sources */ = {isa = PBXBuildFile; fileRef = DE8077DA295B627500AC9440 /* ContentView.swift */; };
		DE8077DD295B627600AC9440 /* Assets.xcassets in Resources */ = {isa = PBXBuildFile; fileRef = DE8077DC295B627600AC9440 /* Assets.xcassets */; };
		DE8077E0295B627600AC9440 /* Preview Assets.xcassets in Resources */ = {isa = PBXBuildFile; fileRef = DE8077DF295B627600AC9440 /* Preview Assets.xcassets */; };
		DE8077E7295B62B400AC9440 /* jpapexpredators.json in Resources */ = {isa = PBXBuildFile; fileRef = DE8077E6295B62B400AC9440 /* jpapexpredators.json */; };
		DE8077E9295B655300AC9440 /* ApexPredator.swift in Sources */ = {isa = PBXBuildFile; fileRef = DE8077E8295B655300AC9440 /* ApexPredator.swift */; };
		DE8077EB295B67BC00AC9440 /* ApexPredatorController.swift in Sources */ = {isa = PBXBuildFile; fileRef = DE8077EA295B67BC00AC9440 /* ApexPredatorController.swift */; };
		DE8077ED295B6FE800AC9440 /* PredatorRow.swift in Sources */ = {isa = PBXBuildFile; fileRef = DE8077EC295B6FE800AC9440 /* PredatorRow.swift */; };
		DE8077EF295B7AE400AC9440 /* PredatorDetail.swift in Sources */ = {isa = PBXBuildFile; fileRef = DE8077EE295B7AE400AC9440 /* PredatorDetail.swift */; };
/* End PBXBuildFile section */

/* Begin PBXFileReference section */
		DE012B9F295FFD14002D3374 /* PredatorLargeImage.swift */ = {isa = PBXFileReference; lastKnownFileType = sourcecode.swift; path = PredatorLargeImage.swift; sourceTree = "<group>"; };
		DE8077D5295B627500AC9440 /* ApexPredators.app */ = {isa = PBXFileReference; explicitFileType = wrapper.application; includeInIndex = 0; path = ApexPredators.app; sourceTree = BUILT_PRODUCTS_DIR; };
		DE8077D8295B627500AC9440 /* ApexPredatorsApp.swift */ = {isa = PBXFileReference; lastKnownFileType = sourcecode.swift; path = ApexPredatorsApp.swift; sourceTree = "<group>"; };
		DE8077DA295B627500AC9440 /* ContentView.swift */ = {isa = PBXFileReference; lastKnownFileType = sourcecode.swift; path = ContentView.swift; sourceTree = "<group>"; };
		DE8077DC295B627600AC9440 /* Assets.xcassets */ = {isa = PBXFileReference; lastKnownFileType = folder.assetcatalog; path = Assets.xcassets; sourceTree = "<group>"; };
		DE8077DF295B627600AC9440 /* Preview Assets.xcassets */ = {isa = PBXFileReference; lastKnownFileType = folder.assetcatalog; path = "Preview Assets.xcassets"; sourceTree = "<group>"; };
		DE8077E6295B62B400AC9440 /* jpapexpredators.json */ = {isa = PBXFileReference; fileEncoding = 4; lastKnownFileType = text.json; path = jpapexpredators.json; sourceTree = "<group>"; };
		DE8077E8295B655300AC9440 /* ApexPredator.swift */ = {isa = PBXFileReference; lastKnownFileType = sourcecode.swift; path = ApexPredator.swift; sourceTree = "<group>"; };
		DE8077EA295B67BC00AC9440 /* ApexPredatorController.swift */ = {isa = PBXFileReference; lastKnownFileType = sourcecode.swift; path = ApexPredatorController.swift; sourceTree = "<group>"; };
		DE8077EC295B6FE800AC9440 /* PredatorRow.swift */ = {isa = PBXFileReference; lastKnownFileType = sourcecode.swift; path = PredatorRow.swift; sourceTree = "<group>"; };
		DE8077EE295B7AE400AC9440 /* PredatorDetail.swift */ = {isa = PBXFileReference; lastKnownFileType = sourcecode.swift; path = PredatorDetail.swift; sourceTree = "<group>"; };
/* End PBXFileReference section */

/* Begin PBXFrameworksBuildPhase section */
		DE8077D2295B627500AC9440 /* Frameworks */ = {
			isa = PBXFrameworksBuildPhase;
			buildActionMask = 2147483647;
			files = (
			);
			runOnlyForDeploymentPostprocessing = 0;
		};
/* End PBXFrameworksBuildPhase section */

/* Begin PBXGroup section */
		DE8077CC295B627500AC9440 = {
			isa = PBXGroup;
			children = (
				DE8077D7295B627500AC9440 /* ApexPredators */,
				DE8077D6295B627500AC9440 /* Products */,
			);
			sourceTree = "<group>";
		};
		DE8077D6295B627500AC9440 /* Products */ = {
			isa = PBXGroup;
			children = (
				DE8077D5295B627500AC9440 /* ApexPredators.app */,
			);
			name = Products;
			sourceTree = "<group>";
		};
		DE8077D7295B627500AC9440 /* ApexPredators */ = {
			isa = PBXGroup;
			children = (
				DE8077D8295B627500AC9440 /* ApexPredatorsApp.swift */,
				DE8077E8295B655300AC9440 /* ApexPredator.swift */,
				DE8077EA295B67BC00AC9440 /* ApexPredatorController.swift */,
				DE8077DA295B627500AC9440 /* ContentView.swift */,
				DE8077EC295B6FE800AC9440 /* PredatorRow.swift */,
				DE8077EE295B7AE400AC9440 /* PredatorDetail.swift */,
				DE012B9F295FFD14002D3374 /* PredatorLargeImage.swift */,
				DE8077E6295B62B400AC9440 /* jpapexpredators.json */,
				DE8077DC295B627600AC9440 /* Assets.xcassets */,
				DE8077DE295B627600AC9440 /* Preview Content */,
			);
			path = ApexPredators;
			sourceTree = "<group>";
		};
		DE8077DE295B627600AC9440 /* Preview Content */ = {
			isa = PBXGroup;
			children = (
				DE8077DF295B627600AC9440 /* Preview Assets.xcassets */,
			);
			path = "Preview Content";
			sourceTree = "<group>";
		};
/* End PBXGroup section */

/* Begin PBXNativeTarget section */
		DE8077D4295B627500AC9440 /* ApexPredators */ = {
			isa = PBXNativeTarget;
			buildConfigurationList = DE8077E3295B627600AC9440 /* Build configuration list for PBXNativeTarget "ApexPredators" */;
			buildPhases = (
				DE8077D1295B627500AC9440 /* Sources */,
				DE8077D2295B627500AC9440 /* Frameworks */,
				DE8077D3295B627500AC9440 /* Resources */,
			);
			buildRules = (
			);
			dependencies = (
			);
			name = ApexPredators;
			productName = ApexPredators;
			productReference = DE8077D5295B627500AC9440 /* ApexPredators.app */;
			productType = "com.apple.product-type.application";
		};
/* End PBXNativeTarget section */

/* Begin PBXProject section */
		DE8077CD295B627500AC9440 /* Project object */ = {
			isa = PBXProject;
			attributes = {
				BuildIndependentTargetsInParallel = 1;
				LastSwiftUpdateCheck = 1420;
				LastUpgradeCheck = 1420;
				TargetAttributes = {
					DE8077D4295B627500AC9440 = {
						CreatedOnToolsVersion = 14.2;
					};
				};
			};
			buildConfigurationList = DE8077D0295B627500AC9440 /* Build configuration list for PBXProject "ApexPredators" */;
			compatibilityVersion = "Xcode 14.0";
			developmentRegion = en;
			hasScannedForEncodings = 0;
			knownRegions = (
				en,
				Base,
			);
			mainGroup = DE8077CC295B627500AC9440;
			productRefGroup = DE8077D6295B627500AC9440 /* Products */;
			projectDirPath = "";
			projectRoot = "";
			targets = (
				DE8077D4295B627500AC9440 /* ApexPredators */,
			);
		};
/* End PBXProject section */

/* Begin PBXResourcesBuildPhase section */
		DE8077D3295B627500AC9440 /* Resources */ = {
			isa = PBXResourcesBuildPhase;
			buildActionMask = 2147483647;
			files = (
				DE8077E0295B627600AC9440 /* Preview Assets.xcassets in Resources */,
				DE8077DD295B627600AC9440 /* Assets.xcassets in Resources */,
				DE8077E7295B62B400AC9440 /* jpapexpredators.json in Resources */,
			);
			runOnlyForDeploymentPostprocessing = 0;
		};
/* End PBXResourcesBuildPhase section */

/* Begin PBXSourcesBuildPhase section */
		DE8077D1295B627500AC9440 /* Sources */ = {
			isa = PBXSourcesBuildPhase;
			buildActionMask = 2147483647;
			files = (
				DE8077DB295B627500AC9440 /* ContentView.swift in Sources */,
				DE8077E9295B655300AC9440 /* ApexPredator.swift in Sources */,
				DE8077EB295B67BC00AC9440 /* ApexPredatorController.swift in Sources */,
				DE012BA0295FFD14002D3374 /* PredatorLargeImage.swift in Sources */,
				DE8077EF295B7AE400AC9440 /* PredatorDetail.swift in Sources */,
				DE8077D9295B627500AC9440 /* ApexPredatorsApp.swift in Sources */,
				DE8077ED295B6FE800AC9440 /* PredatorRow.swift in Sources */,
			);
			runOnlyForDeploymentPostprocessing = 0;
		};
/* End PBXSourcesBuildPhase section */

/* Begin XCBuildConfiguration section */
		DE8077E1295B627600AC9440 /* Debug */ = {
			isa = XCBuildConfiguration;
			buildSettings = {
				ALWAYS_SEARCH_USER_PATHS = NO;
				CLANG_ANALYZER_NONNULL = YES;
				CLANG_ANALYZER_NUMBER_OBJECT_CONVERSION = YES_AGGRESSIVE;
				CLANG_CXX_LANGUAGE_STANDARD = "gnu++20";
				CLANG_ENABLE_MODULES = YES;
				CLANG_ENABLE_OBJC_ARC = YES;
				CLANG_ENABLE_OBJC_WEAK = YES;
				CLANG_WARN_BLOCK_CAPTURE_AUTORELEASING = YES;
				CLANG_WARN_BOOL_CONVERSION = YES;
				CLANG_WARN_COMMA = YES;
				CLANG_WARN_CONSTANT_CONVERSION = YES;
				CLANG_WARN_DEPRECATED_OBJC_IMPLEMENTATIONS = YES;
				CLANG_WARN_DIRECT_OBJC_ISA_USAGE = YES_ERROR;
				CLANG_WARN_DOCUMENTATION_COMMENTS = YES;
				CLANG_WARN_EMPTY_BODY = YES;
				CLANG_WARN_ENUM_CONVERSION = YES;
				CLANG_WARN_INFINITE_RECURSION = YES;
				CLANG_WARN_INT_CONVERSION = YES;
				CLANG_WARN_NON_LITERAL_NULL_CONVERSION = YES;
				CLANG_WARN_OBJC_IMPLICIT_RETAIN_SELF = YES;
				CLANG_WARN_OBJC_LITERAL_CONVERSION = YES;
				CLANG_WARN_OBJC_ROOT_CLASS = YES_ERROR;
				CLANG_WARN_QUOTED_INCLUDE_IN_FRAMEWORK_HEADER = YES;
				CLANG_WARN_RANGE_LOOP_ANALYSIS = YES;
				CLANG_WARN_STRICT_PROTOTYPES = YES;
				CLANG_WARN_SUSPICIOUS_MOVE = YES;
				CLANG_WARN_UNGUARDED_AVAILABILITY = YES_AGGRESSIVE;
				CLANG_WARN_UNREACHABLE_CODE = YES;
				CLANG_WARN__DUPLICATE_METHOD_MATCH = YES;
				COPY_PHASE_STRIP = NO;
				DEBUG_INFORMATION_FORMAT = dwarf;
				ENABLE_STRICT_OBJC_MSGSEND = YES;
				ENABLE_TESTABILITY = YES;
				GCC_C_LANGUAGE_STANDARD = gnu11;
				GCC_DYNAMIC_NO_PIC = NO;
				GCC_NO_COMMON_BLOCKS = YES;
				GCC_OPTIMIZATION_LEVEL = 0;
				GCC_PREPROCESSOR_DEFINITIONS = (
					"DEBUG=1",
					"$(inherited)",
				);
				GCC_WARN_64_TO_32_BIT_CONVERSION = YES;
				GCC_WARN_ABOUT_RETURN_TYPE = YES_ERROR;
				GCC_WARN_UNDECLARED_SELECTOR = YES;
				GCC_WARN_UNINITIALIZED_AUTOS = YES_AGGRESSIVE;
				GCC_WARN_UNUSED_FUNCTION = YES;
				GCC_WARN_UNUSED_VARIABLE = YES;
				IPHONEOS_DEPLOYMENT_TARGET = 16.2;
				MTL_ENABLE_DEBUG_INFO = INCLUDE_SOURCE;
				MTL_FAST_MATH = YES;
				ONLY_ACTIVE_ARCH = YES;
				SDKROOT = iphoneos;
				SWIFT_ACTIVE_COMPILATION_CONDITIONS = DEBUG;
				SWIFT_OPTIMIZATION_LEVEL = "-Onone";
			};
			name = Debug;
		};
		DE8077E2295B627600AC9440 /* Release */ = {
			isa = XCBuildConfiguration;
			buildSettings = {
				ALWAYS_SEARCH_USER_PATHS = NO;
				CLANG_ANALYZER_NONNULL = YES;
				CLANG_ANALYZER_NUMBER_OBJECT_CONVERSION = YES_AGGRESSIVE;
				CLANG_CXX_LANGUAGE_STANDARD = "gnu++20";
				CLANG_ENABLE_MODULES = YES;
				CLANG_ENABLE_OBJC_ARC = YES;
				CLANG_ENABLE_OBJC_WEAK = YES;
				CLANG_WARN_BLOCK_CAPTURE_AUTORELEASING = YES;
				CLANG_WARN_BOOL_CONVERSION = YES;
				CLANG_WARN_COMMA = YES;
				CLANG_WARN_CONSTANT_CONVERSION = YES;
				CLANG_WARN_DEPRECATED_OBJC_IMPLEMENTATIONS = YES;
				CLANG_WARN_DIRECT_OBJC_ISA_USAGE = YES_ERROR;
				CLANG_WARN_DOCUMENTATION_COMMENTS = YES;
				CLANG_WARN_EMPTY_BODY = YES;
				CLANG_WARN_ENUM_CONVERSION = YES;
				CLANG_WARN_INFINITE_RECURSION = YES;
				CLANG_WARN_INT_CONVERSION = YES;
				CLANG_WARN_NON_LITERAL_NULL_CONVERSION = YES;
				CLANG_WARN_OBJC_IMPLICIT_RETAIN_SELF = YES;
				CLANG_WARN_OBJC_LITERAL_CONVERSION = YES;
				CLANG_WARN_OBJC_ROOT_CLASS = YES_ERROR;
				CLANG_WARN_QUOTED_INCLUDE_IN_FRAMEWORK_HEADER = YES;
				CLANG_WARN_RANGE_LOOP_ANALYSIS = YES;
				CLANG_WARN_STRICT_PROTOTYPES = YES;
				CLANG_WARN_SUSPICIOUS_MOVE = YES;
				CLANG_WARN_UNGUARDED_AVAILABILITY = YES_AGGRESSIVE;
				CLANG_WARN_UNREACHABLE_CODE = YES;
				CLANG_WARN__DUPLICATE_METHOD_MATCH = YES;
				COPY_PHASE_STRIP = NO;
				DEBUG_INFORMATION_FORMAT = "dwarf-with-dsym";
				ENABLE_NS_ASSERTIONS = NO;
				ENABLE_STRICT_OBJC_MSGSEND = YES;
				GCC_C_LANGUAGE_STANDARD = gnu11;
				GCC_NO_COMMON_BLOCKS = YES;
				GCC_WARN_64_TO_32_BIT_CONVERSION = YES;
				GCC_WARN_ABOUT_RETURN_TYPE = YES_ERROR;
				GCC_WARN_UNDECLARED_SELECTOR = YES;
				GCC_WARN_UNINITIALIZED_AUTOS = YES_AGGRESSIVE;
				GCC_WARN_UNUSED_FUNCTION = YES;
				GCC_WARN_UNUSED_VARIABLE = YES;
				IPHONEOS_DEPLOYMENT_TARGET = 16.2;
				MTL_ENABLE_DEBUG_INFO = NO;
				MTL_FAST_MATH = YES;
				SDKROOT = iphoneos;
				SWIFT_COMPILATION_MODE = wholemodule;
				SWIFT_OPTIMIZATION_LEVEL = "-O";
				VALIDATE_PRODUCT = YES;
			};
			name = Release;
		};
		DE8077E4295B627600AC9440 /* Debug */ = {
			isa = XCBuildConfiguration;
			buildSettings = {
				ASSETCATALOG_COMPILER_APPICON_NAME = AppIcon;
				ASSETCATALOG_COMPILER_GLOBAL_ACCENT_COLOR_NAME = AccentColor;
				CODE_SIGN_STYLE = Automatic;
				CURRENT_PROJECT_VERSION = 1;
				DEVELOPMENT_ASSET_PATHS = "\"ApexPredators/Preview Content\"";
				DEVELOPMENT_TEAM = S927NCGL3V;
				ENABLE_PREVIEWS = YES;
				GENERATE_INFOPLIST_FILE = YES;
				INFOPLIST_KEY_CFBundleDisplayName = "Apex Predators";
				INFOPLIST_KEY_UIApplicationSceneManifest_Generation = YES;
				INFOPLIST_KEY_UIApplicationSupportsIndirectInputEvents = YES;
				INFOPLIST_KEY_UILaunchScreen_Generation = YES;
				INFOPLIST_KEY_UISupportedInterfaceOrientations_iPad = "UIInterfaceOrientationPortrait UIInterfaceOrientationPortraitUpsideDown UIInterfaceOrientationLandscapeLeft UIInterfaceOrientationLandscapeRight";
				INFOPLIST_KEY_UISupportedInterfaceOrientations_iPhone = "UIInterfaceOrientationPortrait UIInterfaceOrientationLandscapeLeft UIInterfaceOrientationLandscapeRight";
				LD_RUNPATH_SEARCH_PATHS = (
					"$(inherited)",
					"@executable_path/Frameworks",
				);
				MARKETING_VERSION = 1.0;
				PRODUCT_BUNDLE_IDENTIFIER = com.leastudios.ApexPredators;
				PRODUCT_NAME = "$(TARGET_NAME)";
				SWIFT_EMIT_LOC_STRINGS = YES;
				SWIFT_VERSION = 5.0;
				TARGETED_DEVICE_FAMILY = "1,2";
			};
			name = Debug;
		};
		DE8077E5295B627600AC9440 /* Release */ = {
			isa = XCBuildConfiguration;
			buildSettings = {
				ASSETCATALOG_COMPILER_APPICON_NAME = AppIcon;
				ASSETCATALOG_COMPILER_GLOBAL_ACCENT_COLOR_NAME = AccentColor;
				CODE_SIGN_STYLE = Automatic;
				CURRENT_PROJECT_VERSION = 1;
				DEVELOPMENT_ASSET_PATHS = "\"ApexPredators/Preview Content\"";
				DEVELOPMENT_TEAM = S927NCGL3V;
				ENABLE_PREVIEWS = YES;
				GENERATE_INFOPLIST_FILE = YES;
				INFOPLIST_KEY_CFBundleDisplayName = "Apex Predators";
				INFOPLIST_KEY_UIApplicationSceneManifest_Generation = YES;
				INFOPLIST_KEY_UIApplicationSupportsIndirectInputEvents = YES;
				INFOPLIST_KEY_UILaunchScreen_Generation = YES;
				INFOPLIST_KEY_UISupportedInterfaceOrientations_iPad = "UIInterfaceOrientationPortrait UIInterfaceOrientationPortraitUpsideDown UIInterfaceOrientationLandscapeLeft UIInterfaceOrientationLandscapeRight";
				INFOPLIST_KEY_UISupportedInterfaceOrientations_iPhone = "UIInterfaceOrientationPortrait UIInterfaceOrientationLandscapeLeft UIInterfaceOrientationLandscapeRight";
				LD_RUNPATH_SEARCH_PATHS = (
					"$(inherited)",
					"@executable_path/Frameworks",
				);
				MARKETING_VERSION = 1.0;
				PRODUCT_BUNDLE_IDENTIFIER = com.leastudios.ApexPredators;
				PRODUCT_NAME = "$(TARGET_NAME)";
				SWIFT_EMIT_LOC_STRINGS = YES;
				SWIFT_VERSION = 5.0;
				TARGETED_DEVICE_FAMILY = "1,2";
			};
			name = Release;
		};
/* End XCBuildConfiguration section */

/* Begin XCConfigurationList section */
		DE8077D0295B627500AC9440 /* Build configuration list for PBXProject "ApexPredators" */ = {
			isa = XCConfigurationList;
			buildConfigurations = (
				DE8077E1295B627600AC9440 /* Debug */,
				DE8077E2295B627600AC9440 /* Release */,
			);
			defaultConfigurationIsVisible = 0;
			defaultConfigurationName = Release;
		};
		DE8077E3295B627600AC9440 /* Build configuration list for PBXNativeTarget "ApexPredators" */ = {
			isa = XCConfigurationList;
			buildConfigurations = (
				DE8077E4295B627600AC9440 /* Debug */,
				DE8077E5295B627600AC9440 /* Release */,
			);
			defaultConfigurationIsVisible = 0;
			defaultConfigurationName = Release;
		};
/* End XCConfigurationList section */
	};
	rootObject = DE8077CD295B627500AC9440 /* Project object */;
}
